
Microsoft Visual Studio Solution File, Format Version 12.00
# Visual Studio 15
VisualStudioVersion = 15.0.28010.2016
MinimumVisualStudioVersion = 10.0.40219.1
Project("{FAE04EC0-301F-11D3-BF4B-00C04F79EFBC}") = "Sor", "Sor\Sor.csproj", "{3A313F5C-6782-4C95-B429-981F97D68562}"
EndProject
Global
	GlobalSection(SolutionConfigurationPlatforms) = preSolution
		Debug|Any CPU = Debug|Any CPU
		Release|Any CPU = Release|Any CPU
	EndGlobalSection
	GlobalSection(ProjectConfigurationPlatforms) = postSolution
		{3A313F5C-6782-4C95-B429-981F97D68562}.Debug|Any CPU.ActiveCfg = Debug|Any CPU
		{3A313F5C-6782-4C95-B429-981F97D68562}.Debug|Any CPU.Build.0 = Debug|Any CPU
		{3A313F5C-6782-4C95-B429-981F97D68562}.Release|Any CPU.ActiveCfg = Release|Any CPU
		{3A313F5C-6782-4C95-B429-981F97D68562}.Release|Any CPU.Build.0 = Release|Any CPU
	EndGlobalSection
	GlobalSection(SolutionProperties) = preSolution
		HideSolutionNode = FALSE
	EndGlobalSection
	GlobalSection(ExtensibilityGlobals) = postSolution
		SolutionGuid = {9502843E-4F1C-4278-964C-7B20488117C6}
	EndGlobalSection
EndGlobal
